
Microsoft Visual Studio Solution File, Format Version 12.00
# Visual Studio Version 17
VisualStudioVersion = 17.4.33103.184
MinimumVisualStudioVersion = 10.0.40219.1
Project("{8BC9CEB8-8B4A-11D0-8D11-00A0C91BC942}") = "Essentials", "Essentials\Essentials.vcxproj", "{5C800A9A-2D5F-48E7-9119-ADCC49E56FF3}"
EndProject
Project("{8BC9CEB8-8B4A-11D0-8D11-00A0C91BC942}") = "Recursion", "Recursion\Recursion.vcxproj", "{2CB90A2E-C510-4AAE-B352-07A37030522B}"
EndProject
Project("{8BC9CEB8-8B4A-11D0-8D11-00A0C91BC942}") = "LinkedList", "LinkedList\LinkedList.vcxproj", "{3557F2CC-4669-4014-8006-4ACB2E1969B4}"
EndProject
Project("{8BC9CEB8-8B4A-11D0-8D11-00A0C91BC942}") = "Trees", "Trees\Trees.vcxproj", "{0D85EF4A-C944-44DF-AB3C-3E46E732961B}"
EndProject
Project("{8BC9CEB8-8B4A-11D0-8D11-00A0C91BC942}") = "Stack", "Stack\Stack.vcxproj", "{A6908846-CFD0-47A0-91A6-B97B926E033D}"
EndProject
Project("{8BC9CEB8-8B4A-11D0-8D11-00A0C91BC942}") = "List", "List\List.vcxproj", "{F4E5B36D-136E-4D95-A238-4073823053BB}"
EndProject
Project("{8BC9CEB8-8B4A-11D0-8D11-00A0C91BC942}") = "Queue", "Queue\Queue.vcxproj", "{06052894-732B-4F58-BA17-18FBCAC5C747}"
EndProject
Project("{8BC9CEB8-8B4A-11D0-8D11-00A0C91BC942}") = "Dictionary", "Dictionary\Dictionary.vcxproj", "{E0248C6E-F1AF-4DE2-A17C-8A77BD33C378}"
EndProject
Project("{8BC9CEB8-8B4A-11D0-8D11-00A0C91BC942}") = "Table", "Table\Table.vcxproj", "{9F151E29-F1AB-45EA-9429-DEF3A4673A6E}"
EndProject
Global
	GlobalSection(SolutionConfigurationPlatforms) = preSolution
		Debug|x64 = Debug|x64
		Debug|x86 = Debug|x86
		Release|x64 = Release|x64
		Release|x86 = Release|x86
	EndGlobalSection
	GlobalSection(ProjectConfigurationPlatforms) = postSolution
		{5C800A9A-2D5F-48E7-9119-ADCC49E56FF3}.Debug|x64.ActiveCfg = Debug|x64
		{5C800A9A-2D5F-48E7-9119-ADCC49E56FF3}.Debug|x64.Build.0 = Debug|x64
		{5C800A9A-2D5F-48E7-9119-ADCC49E56FF3}.Debug|x86.ActiveCfg = Debug|Win32
		{5C800A9A-2D5F-48E7-9119-ADCC49E56FF3}.Debug|x86.Build.0 = Debug|Win32
		{5C800A9A-2D5F-48E7-9119-ADCC49E56FF3}.Release|x64.ActiveCfg = Release|x64
		{5C800A9A-2D5F-48E7-9119-ADCC49E56FF3}.Release|x64.Build.0 = Release|x64
		{5C800A9A-2D5F-48E7-9119-ADCC49E56FF3}.Release|x86.ActiveCfg = Release|Win32
		{5C800A9A-2D5F-48E7-9119-ADCC49E56FF3}.Release|x86.Build.0 = Release|Win32
		{2CB90A2E-C510-4AAE-B352-07A37030522B}.Debug|x64.ActiveCfg = Debug|x64
		{2CB90A2E-C510-4AAE-B352-07A37030522B}.Debug|x64.Build.0 = Debug|x64
		{2CB90A2E-C510-4AAE-B352-07A37030522B}.Debug|x86.ActiveCfg = Debug|Win32
		{2CB90A2E-C510-4AAE-B352-07A37030522B}.Debug|x86.Build.0 = Debug|Win32
		{2CB90A2E-C510-4AAE-B352-07A37030522B}.Release|x64.ActiveCfg = Release|x64
		{2CB90A2E-C510-4AAE-B352-07A37030522B}.Release|x64.Build.0 = Release|x64
		{2CB90A2E-C510-4AAE-B352-07A37030522B}.Release|x86.ActiveCfg = Release|Win32
		{2CB90A2E-C510-4AAE-B352-07A37030522B}.Release|x86.Build.0 = Release|Win32
		{3557F2CC-4669-4014-8006-4ACB2E1969B4}.Debug|x64.ActiveCfg = Debug|x64
		{3557F2CC-4669-4014-8006-4ACB2E1969B4}.Debug|x64.Build.0 = Debug|x64
		{3557F2CC-4669-4014-8006-4ACB2E1969B4}.Debug|x86.ActiveCfg = Debug|Win32
		{3557F2CC-4669-4014-8006-4ACB2E1969B4}.Debug|x86.Build.0 = Debug|Win32
		{3557F2CC-4669-4014-8006-4ACB2E1969B4}.Release|x64.ActiveCfg = Release|x64
		{3557F2CC-4669-4014-8006-4ACB2E1969B4}.Release|x64.Build.0 = Release|x64
		{3557F2CC-4669-4014-8006-4ACB2E1969B4}.Release|x86.ActiveCfg = Release|Win32
		{3557F2CC-4669-4014-8006-4ACB2E1969B4}.Release|x86.Build.0 = Release|Win32
		{0D85EF4A-C944-44DF-AB3C-3E46E732961B}.Debug|x64.ActiveCfg = Debug|x64
		{0D85EF4A-C944-44DF-AB3C-3E46E732961B}.Debug|x64.Build.0 = Debug|x64
		{0D85EF4A-C944-44DF-AB3C-3E46E732961B}.Debug|x86.ActiveCfg = Debug|Win32
		{0D85EF4A-C944-44DF-AB3C-3E46E732961B}.Debug|x86.Build.0 = Debug|Win32
		{0D85EF4A-C944-44DF-AB3C-3E46E732961B}.Release|x64.ActiveCfg = Release|x64
		{0D85EF4A-C944-44DF-AB3C-3E46E732961B}.Release|x64.Build.0 = Release|x64
		{0D85EF4A-C944-44DF-AB3C-3E46E732961B}.Release|x86.ActiveCfg = Release|Win32
		{0D85EF4A-C944-44DF-AB3C-3E46E732961B}.Release|x86.Build.0 = Release|Win32
		{A6908846-CFD0-47A0-91A6-B97B926E033D}.Debug|x64.ActiveCfg = Debug|x64
		{A6908846-CFD0-47A0-91A6-B97B926E033D}.Debug|x64.Build.0 = Debug|x64
		{A6908846-CFD0-47A0-91A6-B97B926E033D}.Debug|x86.ActiveCfg = Debug|Win32
		{A6908846-CFD0-47A0-91A6-B97B926E033D}.Debug|x86.Build.0 = Debug|Win32
		{A6908846-CFD0-47A0-91A6-B97B926E033D}.Release|x64.ActiveCfg = Release|x64
		{A6908846-CFD0-47A0-91A6-B97B926E033D}.Release|x64.Build.0 = Release|x64
		{A6908846-CFD0-47A0-91A6-B97B926E033D}.Release|x86.ActiveCfg = Release|Win32
		{A6908846-CFD0-47A0-91A6-B97B926E033D}.Release|x86.Build.0 = Release|Win32
		{F4E5B36D-136E-4D95-A238-4073823053BB}.Debug|x64.ActiveCfg = Debug|x64
		{F4E5B36D-136E-4D95-A238-4073823053BB}.Debug|x64.Build.0 = Debug|x64
		{F4E5B36D-136E-4D95-A238-4073823053BB}.Debug|x86.ActiveCfg = Debug|Win32
		{F4E5B36D-136E-4D95-A238-4073823053BB}.Debug|x86.Build.0 = Debug|Win32
		{F4E5B36D-136E-4D95-A238-4073823053BB}.Release|x64.ActiveCfg = Release|x64
		{F4E5B36D-136E-4D95-A238-4073823053BB}.Release|x64.Build.0 = Release|x64
		{F4E5B36D-136E-4D95-A238-4073823053BB}.Release|x86.ActiveCfg = Release|Win32
		{F4E5B36D-136E-4D95-A238-4073823053BB}.Release|x86.Build.0 = Release|Win32
		{06052894-732B-4F58-BA17-18FBCAC5C747}.Debug|x64.ActiveCfg = Debug|x64
		{06052894-732B-4F58-BA17-18FBCAC5C747}.Debug|x64.Build.0 = Debug|x64
		{06052894-732B-4F58-BA17-18FBCAC5C747}.Debug|x86.ActiveCfg = Debug|Win32
		{06052894-732B-4F58-BA17-18FBCAC5C747}.Debug|x86.Build.0 = Debug|Win32
		{06052894-732B-4F58-BA17-18FBCAC5C747}.Release|x64.ActiveCfg = Release|x64
		{06052894-732B-4F58-BA17-18FBCAC5C747}.Release|x64.Build.0 = Release|x64
		{06052894-732B-4F58-BA17-18FBCAC5C747}.Release|x86.ActiveCfg = Release|Win32
		{06052894-732B-4F58-BA17-18FBCAC5C747}.Release|x86.Build.0 = Release|Win32
		{E0248C6E-F1AF-4DE2-A17C-8A77BD33C378}.Debug|x64.ActiveCfg = Debug|x64
		{E0248C6E-F1AF-4DE2-A17C-8A77BD33C378}.Debug|x64.Build.0 = Debug|x64
		{E0248C6E-F1AF-4DE2-A17C-8A77BD33C378}.Debug|x86.ActiveCfg = Debug|Win32
		{E0248C6E-F1AF-4DE2-A17C-8A77BD33C378}.Debug|x86.Build.0 = Debug|Win32
		{E0248C6E-F1AF-4DE2-A17C-8A77BD33C378}.Release|x64.ActiveCfg = Release|x64
		{E0248C6E-F1AF-4DE2-A17C-8A77BD33C378}.Release|x64.Build.0 = Release|x64
		{E0248C6E-F1AF-4DE2-A17C-8A77BD33C378}.Release|x86.ActiveCfg = Release|Win32
		{E0248C6E-F1AF-4DE2-A17C-8A77BD33C378}.Release|x86.Build.0 = Release|Win32
		{9F151E29-F1AB-45EA-9429-DEF3A4673A6E}.Debug|x64.ActiveCfg = Debug|x64
		{9F151E29-F1AB-45EA-9429-DEF3A4673A6E}.Debug|x64.Build.0 = Debug|x64
		{9F151E29-F1AB-45EA-9429-DEF3A4673A6E}.Debug|x86.ActiveCfg = Debug|Win32
		{9F151E29-F1AB-45EA-9429-DEF3A4673A6E}.Debug|x86.Build.0 = Debug|Win32
		{9F151E29-F1AB-45EA-9429-DEF3A4673A6E}.Release|x64.ActiveCfg = Release|x64
		{9F151E29-F1AB-45EA-9429-DEF3A4673A6E}.Release|x64.Build.0 = Release|x64
		{9F151E29-F1AB-45EA-9429-DEF3A4673A6E}.Release|x86.ActiveCfg = Release|Win32
		{9F151E29-F1AB-45EA-9429-DEF3A4673A6E}.Release|x86.Build.0 = Release|Win32
	EndGlobalSection
	GlobalSection(SolutionProperties) = preSolution
		HideSolutionNode = FALSE
	EndGlobalSection
	GlobalSection(ExtensibilityGlobals) = postSolution
		SolutionGuid = {3329E512-4F7F-44D5-BA4C-49138F0219E3}
	EndGlobalSection
EndGlobal
